
Microsoft Visual Studio Solution File, Format Version 12.00
# Visual Studio Version 17
VisualStudioVersion = 17.0.31903.59
MinimumVisualStudioVersion = 10.0.40219.1
Project("{FAE04EC0-301F-11D3-BF4B-00C04F79EFBC}") = "Accountant", "Accountant\Accountant.csproj", "{24A38776-F28A-4230-9B24-A8E48E1ED04F}"
EndProject
Global
	GlobalSection(SolutionConfigurationPlatforms) = preSolution
		Debug|Any CPU = Debug|Any CPU
		Release|Any CPU = Release|Any CPU
	EndGlobalSection
	GlobalSection(ProjectConfigurationPlatforms) = postSolution
		{24A38776-F28A-4230-9B24-A8E48E1ED04F}.Debug|Any CPU.ActiveCfg = Debug|Any CPU
		{24A38776-F28A-4230-9B24-A8E48E1ED04F}.Debug|Any CPU.Build.0 = Debug|Any CPU
		{24A38776-F28A-4230-9B24-A8E48E1ED04F}.Release|Any CPU.ActiveCfg = Release|Any CPU
		{24A38776-F28A-4230-9B24-A8E48E1ED04F}.Release|Any CPU.Build.0 = Release|Any CPU
	EndGlobalSection
	GlobalSection(SolutionProperties) = preSolution
		HideSolutionNode = FALSE
	EndGlobalSection
	GlobalSection(ExtensibilityGlobals) = postSolution
		SolutionGuid = {8FFC48A6-10A2-408A-B922-5AB8B4B05C03}
	EndGlobalSection
EndGlobal
